
Microsoft Visual Studio Solution File, Format Version 12.00
# Visual Studio Version 16
VisualStudioVersion = 16.0.30114.105
MinimumVisualStudioVersion = 10.0.40219.1
Project("{FAE04EC0-301F-11D3-BF4B-00C04F79EFBC}") = "ColorBalls", "ColorBalls\ColorBalls.csproj", "{3B1501C6-D36C-48CB-846D-DAE12488E1F9}"
EndProject
Project("{FAE04EC0-301F-11D3-BF4B-00C04F79EFBC}") = "ColorBallsWithProperties", "ColorBallsWithProperties\ColorBallsWithProperties.csproj", "{217181DE-1823-4E0D-A8A7-A555CAB2FB19}"
EndProject
Global
	GlobalSection(SolutionConfigurationPlatforms) = preSolution
		Debug|Any CPU = Debug|Any CPU
		Release|Any CPU = Release|Any CPU
	EndGlobalSection
	GlobalSection(SolutionProperties) = preSolution
		HideSolutionNode = FALSE
	EndGlobalSection
	GlobalSection(ProjectConfigurationPlatforms) = postSolution
		{3B1501C6-D36C-48CB-846D-DAE12488E1F9}.Debug|Any CPU.ActiveCfg = Debug|Any CPU
		{3B1501C6-D36C-48CB-846D-DAE12488E1F9}.Debug|Any CPU.Build.0 = Debug|Any CPU
		{3B1501C6-D36C-48CB-846D-DAE12488E1F9}.Release|Any CPU.ActiveCfg = Release|Any CPU
		{3B1501C6-D36C-48CB-846D-DAE12488E1F9}.Release|Any CPU.Build.0 = Release|Any CPU
		{217181DE-1823-4E0D-A8A7-A555CAB2FB19}.Debug|Any CPU.ActiveCfg = Debug|Any CPU
		{217181DE-1823-4E0D-A8A7-A555CAB2FB19}.Debug|Any CPU.Build.0 = Debug|Any CPU
		{217181DE-1823-4E0D-A8A7-A555CAB2FB19}.Release|Any CPU.ActiveCfg = Release|Any CPU
		{217181DE-1823-4E0D-A8A7-A555CAB2FB19}.Release|Any CPU.Build.0 = Release|Any CPU
	EndGlobalSection
EndGlobal
